
Microsoft Visual Studio Solution File, Format Version 11.00
# Visual Studio 2010
Project("{2150E333-8FDC-42A3-9474-1A3956D46DE8}") = ".nuget", ".nuget", "{E6B21DB6-716B-4FB9-935A-9FE1215C4D74}"
	ProjectSection(SolutionItems) = preProject
		.nuget\NuGet.Config = .nuget\NuGet.Config
		.nuget\NuGet.exe = .nuget\NuGet.exe
		.nuget\NuGet.targets = .nuget\NuGet.targets
	EndProjectSection
EndProject
Project("{2150E333-8FDC-42A3-9474-1A3956D46DE8}") = "NuGet", "NuGet", "{745866C2-4B3E-44AD-B9FE-C428C1F0E140}"
	ProjectSection(SolutionItems) = preProject
		NuGet\Unity3D.DLLs.nuspec = NuGet\Unity3D.DLLs.nuspec
	EndProjectSection
EndProject
Project("{2150E333-8FDC-42A3-9474-1A3956D46DE8}") = "Solution Items", "Solution Items", "{17FE926E-B1AE-47BD-BDB2-5FC138064F24}"
	ProjectSection(SolutionItems) = preProject
		README.md = README.md
	EndProjectSection
EndProject
Project("{2150E333-8FDC-42A3-9474-1A3956D46DE8}") = "tools", "tools", "{3BF2E688-1F1F-43D1-ABC9-D0864EFE9411}"
	ProjectSection(SolutionItems) = preProject
		NuGet\tools\install.ps1 = NuGet\tools\install.ps1
	EndProjectSection
EndProject
Global
	GlobalSection(SolutionProperties) = preSolution
		HideSolutionNode = FALSE
	EndGlobalSection
	GlobalSection(NestedProjects) = preSolution
		{3BF2E688-1F1F-43D1-ABC9-D0864EFE9411} = {745866C2-4B3E-44AD-B9FE-C428C1F0E140}
	EndGlobalSection
EndGlobal
