
Microsoft Visual Studio Solution File, Format Version 11.00
# Visual Studio 2010
Project("{2150E333-8FDC-42A3-9474-1A3956D46DE8}") = ".nuget", ".nuget", "{E6B21DB6-716B-4FB9-935A-9FE1215C4D74}"
	ProjectSection(SolutionItems) = preProject
		.nuget\NuGet.Config = .nuget\NuGet.Config
		.nuget\NuGet.exe = .nuget\NuGet.exe
		.nuget\NuGet.targets = .nuget\NuGet.targets
	EndProjectSection
EndProject
Project("{2150E333-8FDC-42A3-9474-1A3956D46DE8}") = "NuGet", "NuGet", "{745866C2-4B3E-44AD-B9FE-C428C1F0E140}"
	ProjectSection(SolutionItems) = preProject
		NuGet\Unity3D.DLLs.nuspec = NuGet\Unity3D.DLLs.nuspec
	EndProjectSection
EndProject
Project("{2150E333-8FDC-42A3-9474-1A3956D46DE8}") = "Solution Items", "Solution Items", "{17FE926E-B1AE-47BD-BDB2-5FC138064F24}"
	ProjectSection(SolutionItems) = preProject
		CONTRIBUTORS.md = CONTRIBUTORS.md
		LICENSE.MIT.md = LICENSE.MIT.md
		README.md = README.md
	EndProjectSection
EndProject
Project("{2150E333-8FDC-42A3-9474-1A3956D46DE8}") = "tools", "tools", "{3BF2E688-1F1F-43D1-ABC9-D0864EFE9411}"
	ProjectSection(SolutionItems) = preProject
		NuGet\tools\init.ps1 = NuGet\tools\init.ps1
		NuGet\tools\install.ps1 = NuGet\tools\install.ps1
		NuGet\tools\Unity3D.DLLs.psd1 = NuGet\tools\Unity3D.DLLs.psd1
		NuGet\tools\Unity3D.DLLs.psm1 = NuGet\tools\Unity3D.DLLs.psm1
		NuGet\tools\VS+MSBuild.psm1 = NuGet\tools\VS+MSBuild.psm1
	EndProjectSection
EndProject
Project("{FAE04EC0-301F-11D3-BF4B-00C04F79EFBC}") = "PluginTest", "PluginTest\PluginTest.csproj", "{6B07BC1A-EB24-49AC-A449-85A128228D40}"
EndProject
Project("{2150E333-8FDC-42A3-9474-1A3956D46DE8}") = "content", "content", "{765687B9-ED12-4117-93AC-546D256213BF}"
	ProjectSection(SolutionItems) = preProject
		NuGet\content\8CFAF032-C5F2-49A3-B8F6-07EF68F4623D.txt = NuGet\content\8CFAF032-C5F2-49A3-B8F6-07EF68F4623D.txt
	EndProjectSection
EndProject
Global
	GlobalSection(SolutionConfigurationPlatforms) = preSolution
		Debug|Any CPU = Debug|Any CPU
		Release|Any CPU = Release|Any CPU
	EndGlobalSection
	GlobalSection(ProjectConfigurationPlatforms) = postSolution
		{6B07BC1A-EB24-49AC-A449-85A128228D40}.Debug|Any CPU.ActiveCfg = Debug|Any CPU
		{6B07BC1A-EB24-49AC-A449-85A128228D40}.Debug|Any CPU.Build.0 = Debug|Any CPU
		{6B07BC1A-EB24-49AC-A449-85A128228D40}.Release|Any CPU.ActiveCfg = Release|Any CPU
		{6B07BC1A-EB24-49AC-A449-85A128228D40}.Release|Any CPU.Build.0 = Release|Any CPU
	EndGlobalSection
	GlobalSection(SolutionProperties) = preSolution
		HideSolutionNode = FALSE
	EndGlobalSection
	GlobalSection(NestedProjects) = preSolution
		{3BF2E688-1F1F-43D1-ABC9-D0864EFE9411} = {745866C2-4B3E-44AD-B9FE-C428C1F0E140}
		{765687B9-ED12-4117-93AC-546D256213BF} = {745866C2-4B3E-44AD-B9FE-C428C1F0E140}
	EndGlobalSection
EndGlobal
